{
    "version":  "n8.1.3-14-g330caae0c1-20261007",
    "file":  "ffmpeg-n8.1.3-14-g330caae0c1-20261007-win64-lgpl.zip",
    "url":  "https://github.com/ArnGui/photogramme/releases/download/ffmpeg-deps/ffmpeg-n8.1.3-14-g330caae0c1-20261007-win64-lgpl.zip",
    "sha256":  "9ec05e8a69aa68b132ad26a6e09df46a506df87e5a93a102bf0c4c6a317078a5",
    "commit":  "330caae0c1acccd2222edc52a05940c574561ce5",
    "source":  "https://github.com/FFmpeg/FFmpeg/archive/330caae0c1acccd2222edc52a05940c574561ce5.tar.gz"
}
